
Microsoft Visual Studio Solution File, Format Version 12.00
# Visual Studio Version 16
VisualStudioVersion = 16.0.30320.27
MinimumVisualStudioVersion = 10.0.40219.1
Project("{FAE04EC0-301F-11D3-BF4B-00C04F79EFBC}") = "Mp3WebMusic.DOMAIN", "Mp3WebMusic\Mp3WebMusic.DOMAIN.csproj", "{475D555C-3C47-4BD8-AF68-75181A8EAD89}"
EndProject
Project("{FAE04EC0-301F-11D3-BF4B-00C04F79EFBC}") = "Mp3WebMusic.DAL.INTERFACE", "Mp3WebMusic.DAL.INTERFACE\Mp3WebMusic.DAL.INTERFACE.csproj", "{22D7C6DF-552D-49FC-B6EB-A333BD4D30EE}"
EndProject
Project("{FAE04EC0-301F-11D3-BF4B-00C04F79EFBC}") = "Mp3WebMusic.DAL", "Mp3WebMusic.DAL\Mp3WebMusic.DAL.csproj", "{63827D28-7C96-4926-B092-4D9082C28FDE}"
EndProject
Project("{FAE04EC0-301F-11D3-BF4B-00C04F79EFBC}") = "Mp3WebMusic.BAL.INTERFACE", "Mp3WebMusic.BAL.INTERFACE\Mp3WebMusic.BAL.INTERFACE.csproj", "{024620AF-5A89-4975-8013-CCC091A6D110}"
EndProject
Project("{FAE04EC0-301F-11D3-BF4B-00C04F79EFBC}") = "Mp3WebMusic.BAL", "Mp3WebMusic.BAL\Mp3WebMusic.BAL.csproj", "{E2B9145E-9C82-4E3B-AE5E-4AF9F60A0E6B}"
EndProject
Project("{FAE04EC0-301F-11D3-BF4B-00C04F79EFBC}") = "Mp3WebMusic.API", "Mp3WebMusic.API\Mp3WebMusic.API.csproj", "{EB8EA74A-3D0E-48D0-BA6A-7ABD437A1220}"
EndProject
Global
	GlobalSection(SolutionConfigurationPlatforms) = preSolution
		Debug|Any CPU = Debug|Any CPU
		Release|Any CPU = Release|Any CPU
	EndGlobalSection
	GlobalSection(ProjectConfigurationPlatforms) = postSolution
		{475D555C-3C47-4BD8-AF68-75181A8EAD89}.Debug|Any CPU.ActiveCfg = Debug|Any CPU
		{475D555C-3C47-4BD8-AF68-75181A8EAD89}.Debug|Any CPU.Build.0 = Debug|Any CPU
		{475D555C-3C47-4BD8-AF68-75181A8EAD89}.Release|Any CPU.ActiveCfg = Release|Any CPU
		{475D555C-3C47-4BD8-AF68-75181A8EAD89}.Release|Any CPU.Build.0 = Release|Any CPU
		{22D7C6DF-552D-49FC-B6EB-A333BD4D30EE}.Debug|Any CPU.ActiveCfg = Debug|Any CPU
		{22D7C6DF-552D-49FC-B6EB-A333BD4D30EE}.Debug|Any CPU.Build.0 = Debug|Any CPU
		{22D7C6DF-552D-49FC-B6EB-A333BD4D30EE}.Release|Any CPU.ActiveCfg = Release|Any CPU
		{22D7C6DF-552D-49FC-B6EB-A333BD4D30EE}.Release|Any CPU.Build.0 = Release|Any CPU
		{63827D28-7C96-4926-B092-4D9082C28FDE}.Debug|Any CPU.ActiveCfg = Debug|Any CPU
		{63827D28-7C96-4926-B092-4D9082C28FDE}.Debug|Any CPU.Build.0 = Debug|Any CPU
		{63827D28-7C96-4926-B092-4D9082C28FDE}.Release|Any CPU.ActiveCfg = Release|Any CPU
		{63827D28-7C96-4926-B092-4D9082C28FDE}.Release|Any CPU.Build.0 = Release|Any CPU
		{024620AF-5A89-4975-8013-CCC091A6D110}.Debug|Any CPU.ActiveCfg = Debug|Any CPU
		{024620AF-5A89-4975-8013-CCC091A6D110}.Debug|Any CPU.Build.0 = Debug|Any CPU
		{024620AF-5A89-4975-8013-CCC091A6D110}.Release|Any CPU.ActiveCfg = Release|Any CPU
		{024620AF-5A89-4975-8013-CCC091A6D110}.Release|Any CPU.Build.0 = Release|Any CPU
		{E2B9145E-9C82-4E3B-AE5E-4AF9F60A0E6B}.Debug|Any CPU.ActiveCfg = Debug|Any CPU
		{E2B9145E-9C82-4E3B-AE5E-4AF9F60A0E6B}.Debug|Any CPU.Build.0 = Debug|Any CPU
		{E2B9145E-9C82-4E3B-AE5E-4AF9F60A0E6B}.Release|Any CPU.ActiveCfg = Release|Any CPU
		{E2B9145E-9C82-4E3B-AE5E-4AF9F60A0E6B}.Release|Any CPU.Build.0 = Release|Any CPU
		{EB8EA74A-3D0E-48D0-BA6A-7ABD437A1220}.Debug|Any CPU.ActiveCfg = Debug|Any CPU
		{EB8EA74A-3D0E-48D0-BA6A-7ABD437A1220}.Debug|Any CPU.Build.0 = Debug|Any CPU
		{EB8EA74A-3D0E-48D0-BA6A-7ABD437A1220}.Release|Any CPU.ActiveCfg = Release|Any CPU
		{EB8EA74A-3D0E-48D0-BA6A-7ABD437A1220}.Release|Any CPU.Build.0 = Release|Any CPU
	EndGlobalSection
	GlobalSection(SolutionProperties) = preSolution
		HideSolutionNode = FALSE
	EndGlobalSection
	GlobalSection(ExtensibilityGlobals) = postSolution
		SolutionGuid = {19AF7832-D334-45EC-9B68-F616F9386211}
	EndGlobalSection
EndGlobal
